
Microsoft Visual Studio Solution File, Format Version 12.00
# Visual Studio Version 17
VisualStudioVersion = 17.7.34031.279
MinimumVisualStudioVersion = 10.0.40219.1
Project("{2150E333-8FDC-42A3-9474-1A3956D46DE8}") = "Services", "Services", "{567C1A69-28CC-445C-9E2F-BD1953826B99}"
EndProject
Project("{2150E333-8FDC-42A3-9474-1A3956D46DE8}") = "Catalog", "Catalog", "{DF1E5143-AD3F-4710-99E5-8552777D9463}"
EndProject
Project("{9A19103F-16F7-4668-BE54-9A1E7A4F7556}") = "Catalog.API", "Services\Catalog\Catalog.API\Catalog.API.csproj", "{FB9FAB98-A785-4450-9094-C967770430B7}"
EndProject
Project("{E53339B2-1760-4266-BCC7-CA923CBCF16C}") = "docker-compose", "docker-compose.dcproj", "{8AC24893-7A7B-4DEF-8DD0-E3E0B123C32A}"
EndProject
Global
	GlobalSection(SolutionConfigurationPlatforms) = preSolution
		Debug|Any CPU = Debug|Any CPU
		Release|Any CPU = Release|Any CPU
	EndGlobalSection
	GlobalSection(ProjectConfigurationPlatforms) = postSolution
		{FB9FAB98-A785-4450-9094-C967770430B7}.Debug|Any CPU.ActiveCfg = Debug|Any CPU
		{FB9FAB98-A785-4450-9094-C967770430B7}.Debug|Any CPU.Build.0 = Debug|Any CPU
		{FB9FAB98-A785-4450-9094-C967770430B7}.Release|Any CPU.ActiveCfg = Release|Any CPU
		{FB9FAB98-A785-4450-9094-C967770430B7}.Release|Any CPU.Build.0 = Release|Any CPU
		{8AC24893-7A7B-4DEF-8DD0-E3E0B123C32A}.Debug|Any CPU.ActiveCfg = Debug|Any CPU
		{8AC24893-7A7B-4DEF-8DD0-E3E0B123C32A}.Debug|Any CPU.Build.0 = Debug|Any CPU
		{8AC24893-7A7B-4DEF-8DD0-E3E0B123C32A}.Release|Any CPU.ActiveCfg = Release|Any CPU
		{8AC24893-7A7B-4DEF-8DD0-E3E0B123C32A}.Release|Any CPU.Build.0 = Release|Any CPU
	EndGlobalSection
	GlobalSection(SolutionProperties) = preSolution
		HideSolutionNode = FALSE
	EndGlobalSection
	GlobalSection(NestedProjects) = preSolution
		{DF1E5143-AD3F-4710-99E5-8552777D9463} = {567C1A69-28CC-445C-9E2F-BD1953826B99}
		{FB9FAB98-A785-4450-9094-C967770430B7} = {DF1E5143-AD3F-4710-99E5-8552777D9463}
	EndGlobalSection
	GlobalSection(ExtensibilityGlobals) = postSolution
		SolutionGuid = {0CE8FD0F-193B-4C91-AE6C-DC7A2BB24304}
	EndGlobalSection
EndGlobal
